
Microsoft Visual Studio Solution File, Format Version 12.00
# Visual Studio Version 16
VisualStudioVersion = 16.0.29728.190
MinimumVisualStudioVersion = 10.0.40219.1
Project("{FAE04EC0-301F-11D3-BF4B-00C04F79EFBC}") = "LoggerTest", "LoggerTest.csproj", "{18B524D2-2806-4951-BB25-D798894B1D36}"
EndProject
Project("{9A19103F-16F7-4668-BE54-9A1E7A4F7556}") = "DataStructure", "..\DataStructure\DataStructure.csproj", "{535BB7D0-81AD-4704-9457-D3E3434F597D}"
EndProject
Global
	GlobalSection(SolutionConfigurationPlatforms) = preSolution
		Debug|Any CPU = Debug|Any CPU
		Release|Any CPU = Release|Any CPU
	EndGlobalSection
	GlobalSection(ProjectConfigurationPlatforms) = postSolution
		{18B524D2-2806-4951-BB25-D798894B1D36}.Debug|Any CPU.ActiveCfg = Debug|Any CPU
		{18B524D2-2806-4951-BB25-D798894B1D36}.Debug|Any CPU.Build.0 = Debug|Any CPU
		{18B524D2-2806-4951-BB25-D798894B1D36}.Release|Any CPU.ActiveCfg = Release|Any CPU
		{18B524D2-2806-4951-BB25-D798894B1D36}.Release|Any CPU.Build.0 = Release|Any CPU
		{535BB7D0-81AD-4704-9457-D3E3434F597D}.Debug|Any CPU.ActiveCfg = Debug|Any CPU
		{535BB7D0-81AD-4704-9457-D3E3434F597D}.Debug|Any CPU.Build.0 = Debug|Any CPU
		{535BB7D0-81AD-4704-9457-D3E3434F597D}.Release|Any CPU.ActiveCfg = Release|Any CPU
		{535BB7D0-81AD-4704-9457-D3E3434F597D}.Release|Any CPU.Build.0 = Release|Any CPU
	EndGlobalSection
	GlobalSection(SolutionProperties) = preSolution
		HideSolutionNode = FALSE
	EndGlobalSection
	GlobalSection(ExtensibilityGlobals) = postSolution
		SolutionGuid = {08E95DF3-392F-49CF-987A-B94EC4BD934E}
	EndGlobalSection
EndGlobal
